// !$*UTF8*$!
{
	archiveVersion = 1;
	classes = {
	};
	objectVersion = 50;
	objects = {

/* Begin PBXBuildFile section */
		53D50C0221089F3E0078A2E8 /* AppDelegate.swift in Sources */ = {isa = PBXBuildFile; fileRef = 53D50C0121089F3E0078A2E8 /* AppDelegate.swift */; };
		53D50C0421089F3E0078A2E8 /* IndexViewController.swift in Sources */ = {isa = PBXBuildFile; fileRef = 53D50C0321089F3E0078A2E8 /* IndexViewController.swift */; };
		53D50C0921089F400078A2E8 /* Assets.xcassets in Resources */ = {isa = PBXBuildFile; fileRef = 53D50C0821089F400078A2E8 /* Assets.xcassets */; };
		53D50C0C21089F400078A2E8 /* LaunchScreen.storyboard in Resources */ = {isa = PBXBuildFile; fileRef = 53D50C0A21089F400078A2E8 /* LaunchScreen.storyboard */; };
		53D50C1721089F400078A2E8 /* ios_animation_showcaseTests.swift in Sources */ = {isa = PBXBuildFile; fileRef = 53D50C1621089F400078A2E8 /* ios_animation_showcaseTests.swift */; };
		53D50C2221089F400078A2E8 /* ios_animation_showcaseUITests.swift in Sources */ = {isa = PBXBuildFile; fileRef = 53D50C2121089F400078A2E8 /* ios_animation_showcaseUITests.swift */; };
		53D50C332108A1F70078A2E8 /* IndexView.xib in Resources */ = {isa = PBXBuildFile; fileRef = 53D50C322108A1F70078A2E8 /* IndexView.xib */; };
		53D50C362108A31B0078A2E8 /* IndexView.swift in Sources */ = {isa = PBXBuildFile; fileRef = 53D50C352108A31B0078A2E8 /* IndexView.swift */; };
/* End PBXBuildFile section */

/* Begin PBXContainerItemProxy section */
		53D50C1321089F400078A2E8 /* PBXContainerItemProxy */ = {
			isa = PBXContainerItemProxy;
			containerPortal = 53D50BF621089F3E0078A2E8 /* Project object */;
			proxyType = 1;
			remoteGlobalIDString = 53D50BFD21089F3E0078A2E8;
			remoteInfo = "ios-animation-showcase";
		};
		53D50C1E21089F400078A2E8 /* PBXContainerItemProxy */ = {
			isa = PBXContainerItemProxy;
			containerPortal = 53D50BF621089F3E0078A2E8 /* Project object */;
			proxyType = 1;
			remoteGlobalIDString = 53D50BFD21089F3E0078A2E8;
			remoteInfo = "ios-animation-showcase";
		};
/* End PBXContainerItemProxy section */

/* Begin PBXFileReference section */
		53D50BFE21089F3E0078A2E8 /* ios-animation-showcase.app */ = {isa = PBXFileReference; explicitFileType = wrapper.application; includeInIndex = 0; path = "ios-animation-showcase.app"; sourceTree = BUILT_PRODUCTS_DIR; };
		53D50C0121089F3E0078A2E8 /* AppDelegate.swift */ = {isa = PBXFileReference; lastKnownFileType = sourcecode.swift; path = AppDelegate.swift; sourceTree = "<group>"; };
		53D50C0321089F3E0078A2E8 /* IndexViewController.swift */ = {isa = PBXFileReference; lastKnownFileType = sourcecode.swift; path = IndexViewController.swift; sourceTree = "<group>"; };
		53D50C0821089F400078A2E8 /* Assets.xcassets */ = {isa = PBXFileReference; lastKnownFileType = folder.assetcatalog; path = Assets.xcassets; sourceTree = "<group>"; };
		53D50C0B21089F400078A2E8 /* Base */ = {isa = PBXFileReference; lastKnownFileType = file.storyboard; name = Base; path = Base.lproj/LaunchScreen.storyboard; sourceTree = "<group>"; };
		53D50C0D21089F400078A2E8 /* Info.plist */ = {isa = PBXFileReference; lastKnownFileType = text.plist.xml; path = Info.plist; sourceTree = "<group>"; };
		53D50C1221089F400078A2E8 /* ios-animation-showcaseTests.xctest */ = {isa = PBXFileReference; explicitFileType = wrapper.cfbundle; includeInIndex = 0; path = "ios-animation-showcaseTests.xctest"; sourceTree = BUILT_PRODUCTS_DIR; };
		53D50C1621089F400078A2E8 /* ios_animation_showcaseTests.swift */ = {isa = PBXFileReference; lastKnownFileType = sourcecode.swift; path = ios_animation_showcaseTests.swift; sourceTree = "<group>"; };
		53D50C1821089F400078A2E8 /* Info.plist */ = {isa = PBXFileReference; lastKnownFileType = text.plist.xml; path = Info.plist; sourceTree = "<group>"; };
		53D50C1D21089F400078A2E8 /* ios-animation-showcaseUITests.xctest */ = {isa = PBXFileReference; explicitFileType = wrapper.cfbundle; includeInIndex = 0; path = "ios-animation-showcaseUITests.xctest"; sourceTree = BUILT_PRODUCTS_DIR; };
		53D50C2121089F400078A2E8 /* ios_animation_showcaseUITests.swift */ = {isa = PBXFileReference; lastKnownFileType = sourcecode.swift; path = ios_animation_showcaseUITests.swift; sourceTree = "<group>"; };
		53D50C2321089F400078A2E8 /* Info.plist */ = {isa = PBXFileReference; lastKnownFileType = text.plist.xml; path = Info.plist; sourceTree = "<group>"; };
		53D50C322108A1F70078A2E8 /* IndexView.xib */ = {isa = PBXFileReference; lastKnownFileType = file.xib; path = IndexView.xib; sourceTree = "<group>"; };
		53D50C352108A31B0078A2E8 /* IndexView.swift */ = {isa = PBXFileReference; lastKnownFileType = sourcecode.swift; path = IndexView.swift; sourceTree = "<group>"; };
/* End PBXFileReference section */

/* Begin PBXFrameworksBuildPhase section */
		53D50BFB21089F3E0078A2E8 /* Frameworks */ = {
			isa = PBXFrameworksBuildPhase;
			buildActionMask = 2147483647;
			files = (
			);
			runOnlyForDeploymentPostprocessing = 0;
		};
		53D50C0F21089F400078A2E8 /* Frameworks */ = {
			isa = PBXFrameworksBuildPhase;
			buildActionMask = 2147483647;
			files = (
			);
			runOnlyForDeploymentPostprocessing = 0;
		};
		53D50C1A21089F400078A2E8 /* Frameworks */ = {
			isa = PBXFrameworksBuildPhase;
			buildActionMask = 2147483647;
			files = (
			);
			runOnlyForDeploymentPostprocessing = 0;
		};
/* End PBXFrameworksBuildPhase section */

/* Begin PBXGroup section */
		53D50BF521089F3E0078A2E8 = {
			isa = PBXGroup;
			children = (
				53D50C0021089F3E0078A2E8 /* ios-animation-showcase */,
				53D50C1521089F400078A2E8 /* ios-animation-showcaseTests */,
				53D50C2021089F400078A2E8 /* ios-animation-showcaseUITests */,
				53D50BFF21089F3E0078A2E8 /* Products */,
			);
			sourceTree = "<group>";
		};
		53D50BFF21089F3E0078A2E8 /* Products */ = {
			isa = PBXGroup;
			children = (
				53D50BFE21089F3E0078A2E8 /* ios-animation-showcase.app */,
				53D50C1221089F400078A2E8 /* ios-animation-showcaseTests.xctest */,
				53D50C1D21089F400078A2E8 /* ios-animation-showcaseUITests.xctest */,
			);
			name = Products;
			sourceTree = "<group>";
		};
		53D50C0021089F3E0078A2E8 /* ios-animation-showcase */ = {
			isa = PBXGroup;
			children = (
				53D50C0121089F3E0078A2E8 /* AppDelegate.swift */,
				53D50C2F2108A09C0078A2E8 /* Drivers */,
				53D50C0821089F400078A2E8 /* Assets.xcassets */,
				53D50C0A21089F400078A2E8 /* LaunchScreen.storyboard */,
				53D50C0D21089F400078A2E8 /* Info.plist */,
			);
			path = "ios-animation-showcase";
			sourceTree = "<group>";
		};
		53D50C1521089F400078A2E8 /* ios-animation-showcaseTests */ = {
			isa = PBXGroup;
			children = (
				53D50C1621089F400078A2E8 /* ios_animation_showcaseTests.swift */,
				53D50C1821089F400078A2E8 /* Info.plist */,
			);
			path = "ios-animation-showcaseTests";
			sourceTree = "<group>";
		};
		53D50C2021089F400078A2E8 /* ios-animation-showcaseUITests */ = {
			isa = PBXGroup;
			children = (
				53D50C2121089F400078A2E8 /* ios_animation_showcaseUITests.swift */,
				53D50C2321089F400078A2E8 /* Info.plist */,
			);
			path = "ios-animation-showcaseUITests";
			sourceTree = "<group>";
		};
		53D50C2F2108A09C0078A2E8 /* Drivers */ = {
			isa = PBXGroup;
			children = (
				53D50C312108A1800078A2E8 /* Views */,
			);
			path = Drivers;
			sourceTree = "<group>";
		};
		53D50C302108A0B10078A2E8 /* Index */ = {
			isa = PBXGroup;
			children = (
				53D50C0321089F3E0078A2E8 /* IndexViewController.swift */,
				53D50C342108A2FF0078A2E8 /* Components */,
			);
			path = Index;
			sourceTree = "<group>";
		};
		53D50C312108A1800078A2E8 /* Views */ = {
			isa = PBXGroup;
			children = (
				53D50C302108A0B10078A2E8 /* Index */,
			);
			path = Views;
			sourceTree = "<group>";
		};
		53D50C342108A2FF0078A2E8 /* Components */ = {
			isa = PBXGroup;
			children = (
				53D50C322108A1F70078A2E8 /* IndexView.xib */,
				53D50C352108A31B0078A2E8 /* IndexView.swift */,
			);
			path = Components;
			sourceTree = "<group>";
		};
/* End PBXGroup section */

/* Begin PBXNativeTarget section */
		53D50BFD21089F3E0078A2E8 /* ios-animation-showcase */ = {
			isa = PBXNativeTarget;
			buildConfigurationList = 53D50C2621089F400078A2E8 /* Build configuration list for PBXNativeTarget "ios-animation-showcase" */;
			buildPhases = (
				53D50BFA21089F3E0078A2E8 /* Sources */,
				53D50BFB21089F3E0078A2E8 /* Frameworks */,
				53D50BFC21089F3E0078A2E8 /* Resources */,
			);
			buildRules = (
			);
			dependencies = (
			);
			name = "ios-animation-showcase";
			productName = "ios-animation-showcase";
			productReference = 53D50BFE21089F3E0078A2E8 /* ios-animation-showcase.app */;
			productType = "com.apple.product-type.application";
		};
		53D50C1121089F400078A2E8 /* ios-animation-showcaseTests */ = {
			isa = PBXNativeTarget;
			buildConfigurationList = 53D50C2921089F400078A2E8 /* Build configuration list for PBXNativeTarget "ios-animation-showcaseTests" */;
			buildPhases = (
				53D50C0E21089F400078A2E8 /* Sources */,
				53D50C0F21089F400078A2E8 /* Frameworks */,
				53D50C1021089F400078A2E8 /* Resources */,
			);
			buildRules = (
			);
			dependencies = (
				53D50C1421089F400078A2E8 /* PBXTargetDependency */,
			);
			name = "ios-animation-showcaseTests";
			productName = "ios-animation-showcaseTests";
			productReference = 53D50C1221089F400078A2E8 /* ios-animation-showcaseTests.xctest */;
			productType = "com.apple.product-type.bundle.unit-test";
		};
		53D50C1C21089F400078A2E8 /* ios-animation-showcaseUITests */ = {
			isa = PBXNativeTarget;
			buildConfigurationList = 53D50C2C21089F400078A2E8 /* Build configuration list for PBXNativeTarget "ios-animation-showcaseUITests" */;
			buildPhases = (
				53D50C1921089F400078A2E8 /* Sources */,
				53D50C1A21089F400078A2E8 /* Frameworks */,
				53D50C1B21089F400078A2E8 /* Resources */,
			);
			buildRules = (
			);
			dependencies = (
				53D50C1F21089F400078A2E8 /* PBXTargetDependency */,
			);
			name = "ios-animation-showcaseUITests";
			productName = "ios-animation-showcaseUITests";
			productReference = 53D50C1D21089F400078A2E8 /* ios-animation-showcaseUITests.xctest */;
			productType = "com.apple.product-type.bundle.ui-testing";
		};
/* End PBXNativeTarget section */

/* Begin PBXProject section */
		53D50BF621089F3E0078A2E8 /* Project object */ = {
			isa = PBXProject;
			attributes = {
				LastSwiftUpdateCheck = 0930;
				LastUpgradeCheck = 0930;
				ORGANIZATIONNAME = tc;
				TargetAttributes = {
					53D50BFD21089F3E0078A2E8 = {
						CreatedOnToolsVersion = 9.3;
					};
					53D50C1121089F400078A2E8 = {
						CreatedOnToolsVersion = 9.3;
						TestTargetID = 53D50BFD21089F3E0078A2E8;
					};
					53D50C1C21089F400078A2E8 = {
						CreatedOnToolsVersion = 9.3;
						TestTargetID = 53D50BFD21089F3E0078A2E8;
					};
				};
			};
			buildConfigurationList = 53D50BF921089F3E0078A2E8 /* Build configuration list for PBXProject "ios-animation-showcase" */;
			compatibilityVersion = "Xcode 9.3";
			developmentRegion = en;
			hasScannedForEncodings = 0;
			knownRegions = (
				en,
				Base,
			);
			mainGroup = 53D50BF521089F3E0078A2E8;
			productRefGroup = 53D50BFF21089F3E0078A2E8 /* Products */;
			projectDirPath = "";
			projectRoot = "";
			targets = (
				53D50BFD21089F3E0078A2E8 /* ios-animation-showcase */,
				53D50C1121089F400078A2E8 /* ios-animation-showcaseTests */,
				53D50C1C21089F400078A2E8 /* ios-animation-showcaseUITests */,
			);
		};
/* End PBXProject section */

/* Begin PBXResourcesBuildPhase section */
		53D50BFC21089F3E0078A2E8 /* Resources */ = {
			isa = PBXResourcesBuildPhase;
			buildActionMask = 2147483647;
			files = (
				53D50C332108A1F70078A2E8 /* IndexView.xib in Resources */,
				53D50C0C21089F400078A2E8 /* LaunchScreen.storyboard in Resources */,
				53D50C0921089F400078A2E8 /* Assets.xcassets in Resources */,
			);
			runOnlyForDeploymentPostprocessing = 0;
		};
		53D50C1021089F400078A2E8 /* Resources */ = {
			isa = PBXResourcesBuildPhase;
			buildActionMask = 2147483647;
			files = (
			);
			runOnlyForDeploymentPostprocessing = 0;
		};
		53D50C1B21089F400078A2E8 /* Resources */ = {
			isa = PBXResourcesBuildPhase;
			buildActionMask = 2147483647;
			files = (
			);
			runOnlyForDeploymentPostprocessing = 0;
		};
/* End PBXResourcesBuildPhase section */

/* Begin PBXSourcesBuildPhase section */
		53D50BFA21089F3E0078A2E8 /* Sources */ = {
			isa = PBXSourcesBuildPhase;
			buildActionMask = 2147483647;
			files = (
				53D50C0421089F3E0078A2E8 /* IndexViewController.swift in Sources */,
				53D50C362108A31B0078A2E8 /* IndexView.swift in Sources */,
				53D50C0221089F3E0078A2E8 /* AppDelegate.swift in Sources */,
			);
			runOnlyForDeploymentPostprocessing = 0;
		};
		53D50C0E21089F400078A2E8 /* Sources */ = {
			isa = PBXSourcesBuildPhase;
			buildActionMask = 2147483647;
			files = (
				53D50C1721089F400078A2E8 /* ios_animation_showcaseTests.swift in Sources */,
			);
			runOnlyForDeploymentPostprocessing = 0;
		};
		53D50C1921089F400078A2E8 /* Sources */ = {
			isa = PBXSourcesBuildPhase;
			buildActionMask = 2147483647;
			files = (
				53D50C2221089F400078A2E8 /* ios_animation_showcaseUITests.swift in Sources */,
			);
			runOnlyForDeploymentPostprocessing = 0;
		};
/* End PBXSourcesBuildPhase section */

/* Begin PBXTargetDependency section */
		53D50C1421089F400078A2E8 /* PBXTargetDependency */ = {
			isa = PBXTargetDependency;
			target = 53D50BFD21089F3E0078A2E8 /* ios-animation-showcase */;
			targetProxy = 53D50C1321089F400078A2E8 /* PBXContainerItemProxy */;
		};
		53D50C1F21089F400078A2E8 /* PBXTargetDependency */ = {
			isa = PBXTargetDependency;
			target = 53D50BFD21089F3E0078A2E8 /* ios-animation-showcase */;
			targetProxy = 53D50C1E21089F400078A2E8 /* PBXContainerItemProxy */;
		};
/* End PBXTargetDependency section */

/* Begin PBXVariantGroup section */
		53D50C0A21089F400078A2E8 /* LaunchScreen.storyboard */ = {
			isa = PBXVariantGroup;
			children = (
				53D50C0B21089F400078A2E8 /* Base */,
			);
			name = LaunchScreen.storyboard;
			sourceTree = "<group>";
		};
/* End PBXVariantGroup section */

/* Begin XCBuildConfiguration section */
		53D50C2421089F400078A2E8 /* Debug */ = {
			isa = XCBuildConfiguration;
			buildSettings = {
				ALWAYS_SEARCH_USER_PATHS = NO;
				CLANG_ANALYZER_NONNULL = YES;
				CLANG_ANALYZER_NUMBER_OBJECT_CONVERSION = YES_AGGRESSIVE;
				CLANG_CXX_LANGUAGE_STANDARD = "gnu++14";
				CLANG_CXX_LIBRARY = "libc++";
				CLANG_ENABLE_MODULES = YES;
				CLANG_ENABLE_OBJC_ARC = YES;
				CLANG_ENABLE_OBJC_WEAK = YES;
				CLANG_WARN_BLOCK_CAPTURE_AUTORELEASING = YES;
				CLANG_WARN_BOOL_CONVERSION = YES;
				CLANG_WARN_COMMA = YES;
				CLANG_WARN_CONSTANT_CONVERSION = YES;
				CLANG_WARN_DEPRECATED_OBJC_IMPLEMENTATIONS = YES;
				CLANG_WARN_DIRECT_OBJC_ISA_USAGE = YES_ERROR;
				CLANG_WARN_DOCUMENTATION_COMMENTS = YES;
				CLANG_WARN_EMPTY_BODY = YES;
				CLANG_WARN_ENUM_CONVERSION = YES;
				CLANG_WARN_INFINITE_RECURSION = YES;
				CLANG_WARN_INT_CONVERSION = YES;
				CLANG_WARN_NON_LITERAL_NULL_CONVERSION = YES;
				CLANG_WARN_OBJC_IMPLICIT_RETAIN_SELF = YES;
				CLANG_WARN_OBJC_LITERAL_CONVERSION = YES;
				CLANG_WARN_OBJC_ROOT_CLASS = YES_ERROR;
				CLANG_WARN_RANGE_LOOP_ANALYSIS = YES;
				CLANG_WARN_STRICT_PROTOTYPES = YES;
				CLANG_WARN_SUSPICIOUS_MOVE = YES;
				CLANG_WARN_UNGUARDED_AVAILABILITY = YES_AGGRESSIVE;
				CLANG_WARN_UNREACHABLE_CODE = YES;
				CLANG_WARN__DUPLICATE_METHOD_MATCH = YES;
				CODE_SIGN_IDENTITY = "iPhone Developer";
				COPY_PHASE_STRIP = NO;
				DEBUG_INFORMATION_FORMAT = dwarf;
				ENABLE_STRICT_OBJC_MSGSEND = YES;
				ENABLE_TESTABILITY = YES;
				GCC_C_LANGUAGE_STANDARD = gnu11;
				GCC_DYNAMIC_NO_PIC = NO;
				GCC_NO_COMMON_BLOCKS = YES;
				GCC_OPTIMIZATION_LEVEL = 0;
				GCC_PREPROCESSOR_DEFINITIONS = (
					"DEBUG=1",
					"$(inherited)",
				);
				GCC_WARN_64_TO_32_BIT_CONVERSION = YES;
				GCC_WARN_ABOUT_RETURN_TYPE = YES_ERROR;
				GCC_WARN_UNDECLARED_SELECTOR = YES;
				GCC_WARN_UNINITIALIZED_AUTOS = YES_AGGRESSIVE;
				GCC_WARN_UNUSED_FUNCTION = YES;
				GCC_WARN_UNUSED_VARIABLE = YES;
				IPHONEOS_DEPLOYMENT_TARGET = 11.3;
				MTL_ENABLE_DEBUG_INFO = YES;
				ONLY_ACTIVE_ARCH = YES;
				SDKROOT = iphoneos;
				SWIFT_ACTIVE_COMPILATION_CONDITIONS = DEBUG;
				SWIFT_OPTIMIZATION_LEVEL = "-Onone";
			};
			name = Debug;
		};
		53D50C2521089F400078A2E8 /* Release */ = {
			isa = XCBuildConfiguration;
			buildSettings = {
				ALWAYS_SEARCH_USER_PATHS = NO;
				CLANG_ANALYZER_NONNULL = YES;
				CLANG_ANALYZER_NUMBER_OBJECT_CONVERSION = YES_AGGRESSIVE;
				CLANG_CXX_LANGUAGE_STANDARD = "gnu++14";
				CLANG_CXX_LIBRARY = "libc++";
				CLANG_ENABLE_MODULES = YES;
				CLANG_ENABLE_OBJC_ARC = YES;
				CLANG_ENABLE_OBJC_WEAK = YES;
				CLANG_WARN_BLOCK_CAPTURE_AUTORELEASING = YES;
				CLANG_WARN_BOOL_CONVERSION = YES;
				CLANG_WARN_COMMA = YES;
				CLANG_WARN_CONSTANT_CONVERSION = YES;
				CLANG_WARN_DEPRECATED_OBJC_IMPLEMENTATIONS = YES;
				CLANG_WARN_DIRECT_OBJC_ISA_USAGE = YES_ERROR;
				CLANG_WARN_DOCUMENTATION_COMMENTS = YES;
				CLANG_WARN_EMPTY_BODY = YES;
				CLANG_WARN_ENUM_CONVERSION = YES;
				CLANG_WARN_INFINITE_RECURSION = YES;
				CLANG_WARN_INT_CONVERSION = YES;
				CLANG_WARN_NON_LITERAL_NULL_CONVERSION = YES;
				CLANG_WARN_OBJC_IMPLICIT_RETAIN_SELF = YES;
				CLANG_WARN_OBJC_LITERAL_CONVERSION = YES;
				CLANG_WARN_OBJC_ROOT_CLASS = YES_ERROR;
				CLANG_WARN_RANGE_LOOP_ANALYSIS = YES;
				CLANG_WARN_STRICT_PROTOTYPES = YES;
				CLANG_WARN_SUSPICIOUS_MOVE = YES;
				CLANG_WARN_UNGUARDED_AVAILABILITY = YES_AGGRESSIVE;
				CLANG_WARN_UNREACHABLE_CODE = YES;
				CLANG_WARN__DUPLICATE_METHOD_MATCH = YES;
				CODE_SIGN_IDENTITY = "iPhone Developer";
				COPY_PHASE_STRIP = NO;
				DEBUG_INFORMATION_FORMAT = "dwarf-with-dsym";
				ENABLE_NS_ASSERTIONS = NO;
				ENABLE_STRICT_OBJC_MSGSEND = YES;
				GCC_C_LANGUAGE_STANDARD = gnu11;
				GCC_NO_COMMON_BLOCKS = YES;
				GCC_WARN_64_TO_32_BIT_CONVERSION = YES;
				GCC_WARN_ABOUT_RETURN_TYPE = YES_ERROR;
				GCC_WARN_UNDECLARED_SELECTOR = YES;
				GCC_WARN_UNINITIALIZED_AUTOS = YES_AGGRESSIVE;
				GCC_WARN_UNUSED_FUNCTION = YES;
				GCC_WARN_UNUSED_VARIABLE = YES;
				IPHONEOS_DEPLOYMENT_TARGET = 11.3;
				MTL_ENABLE_DEBUG_INFO = NO;
				SDKROOT = iphoneos;
				SWIFT_COMPILATION_MODE = wholemodule;
				SWIFT_OPTIMIZATION_LEVEL = "-O";
				VALIDATE_PRODUCT = YES;
			};
			name = Release;
		};
		53D50C2721089F400078A2E8 /* Debug */ = {
			isa = XCBuildConfiguration;
			buildSettings = {
				ASSETCATALOG_COMPILER_APPICON_NAME = AppIcon;
				CODE_SIGN_STYLE = Automatic;
				DEVELOPMENT_TEAM = 7WM4Q5Z4X6;
				INFOPLIST_FILE = "ios-animation-showcase/Info.plist";
				LD_RUNPATH_SEARCH_PATHS = (
					"$(inherited)",
					"@executable_path/Frameworks",
				);
				PRODUCT_BUNDLE_IDENTIFIER = "tc.ios-animation-showcase";
				PRODUCT_NAME = "$(TARGET_NAME)";
				SWIFT_VERSION = 4.0;
				TARGETED_DEVICE_FAMILY = "1,2";
			};
			name = Debug;
		};
		53D50C2821089F400078A2E8 /* Release */ = {
			isa = XCBuildConfiguration;
			buildSettings = {
				ASSETCATALOG_COMPILER_APPICON_NAME = AppIcon;
				CODE_SIGN_STYLE = Automatic;
				DEVELOPMENT_TEAM = 7WM4Q5Z4X6;
				INFOPLIST_FILE = "ios-animation-showcase/Info.plist";
				LD_RUNPATH_SEARCH_PATHS = (
					"$(inherited)",
					"@executable_path/Frameworks",
				);
				PRODUCT_BUNDLE_IDENTIFIER = "tc.ios-animation-showcase";
				PRODUCT_NAME = "$(TARGET_NAME)";
				SWIFT_VERSION = 4.0;
				TARGETED_DEVICE_FAMILY = "1,2";
			};
			name = Release;
		};
		53D50C2A21089F400078A2E8 /* Debug */ = {
			isa = XCBuildConfiguration;
			buildSettings = {
				ALWAYS_EMBED_SWIFT_STANDARD_LIBRARIES = YES;
				BUNDLE_LOADER = "$(TEST_HOST)";
				CODE_SIGN_STYLE = Automatic;
				DEVELOPMENT_TEAM = 7WM4Q5Z4X6;
				INFOPLIST_FILE = "ios-animation-showcaseTests/Info.plist";
				LD_RUNPATH_SEARCH_PATHS = (
					"$(inherited)",
					"@executable_path/Frameworks",
					"@loader_path/Frameworks",
				);
				PRODUCT_BUNDLE_IDENTIFIER = "tc.ios-animation-showcaseTests";
				PRODUCT_NAME = "$(TARGET_NAME)";
				SWIFT_VERSION = 4.0;
				TARGETED_DEVICE_FAMILY = "1,2";
				TEST_HOST = "$(BUILT_PRODUCTS_DIR)/ios-animation-showcase.app/ios-animation-showcase";
			};
			name = Debug;
		};
		53D50C2B21089F400078A2E8 /* Release */ = {
			isa = XCBuildConfiguration;
			buildSettings = {
				ALWAYS_EMBED_SWIFT_STANDARD_LIBRARIES = YES;
				BUNDLE_LOADER = "$(TEST_HOST)";
				CODE_SIGN_STYLE = Automatic;
				DEVELOPMENT_TEAM = 7WM4Q5Z4X6;
				INFOPLIST_FILE = "ios-animation-showcaseTests/Info.plist";
				LD_RUNPATH_SEARCH_PATHS = (
					"$(inherited)",
					"@executable_path/Frameworks",
					"@loader_path/Frameworks",
				);
				PRODUCT_BUNDLE_IDENTIFIER = "tc.ios-animation-showcaseTests";
				PRODUCT_NAME = "$(TARGET_NAME)";
				SWIFT_VERSION = 4.0;
				TARGETED_DEVICE_FAMILY = "1,2";
				TEST_HOST = "$(BUILT_PRODUCTS_DIR)/ios-animation-showcase.app/ios-animation-showcase";
			};
			name = Release;
		};
		53D50C2D21089F400078A2E8 /* Debug */ = {
			isa = XCBuildConfiguration;
			buildSettings = {
				ALWAYS_EMBED_SWIFT_STANDARD_LIBRARIES = YES;
				CODE_SIGN_STYLE = Automatic;
				DEVELOPMENT_TEAM = 7WM4Q5Z4X6;
				INFOPLIST_FILE = "ios-animation-showcaseUITests/Info.plist";
				LD_RUNPATH_SEARCH_PATHS = (
					"$(inherited)",
					"@executable_path/Frameworks",
					"@loader_path/Frameworks",
				);
				PRODUCT_BUNDLE_IDENTIFIER = "tc.ios-animation-showcaseUITests";
				PRODUCT_NAME = "$(TARGET_NAME)";
				SWIFT_VERSION = 4.0;
				TARGETED_DEVICE_FAMILY = "1,2";
				TEST_TARGET_NAME = "ios-animation-showcase";
			};
			name = Debug;
		};
		53D50C2E21089F400078A2E8 /* Release */ = {
			isa = XCBuildConfiguration;
			buildSettings = {
				ALWAYS_EMBED_SWIFT_STANDARD_LIBRARIES = YES;
				CODE_SIGN_STYLE = Automatic;
				DEVELOPMENT_TEAM = 7WM4Q5Z4X6;
				INFOPLIST_FILE = "ios-animation-showcaseUITests/Info.plist";
				LD_RUNPATH_SEARCH_PATHS = (
					"$(inherited)",
					"@executable_path/Frameworks",
					"@loader_path/Frameworks",
				);
				PRODUCT_BUNDLE_IDENTIFIER = "tc.ios-animation-showcaseUITests";
				PRODUCT_NAME = "$(TARGET_NAME)";
				SWIFT_VERSION = 4.0;
				TARGETED_DEVICE_FAMILY = "1,2";
				TEST_TARGET_NAME = "ios-animation-showcase";
			};
			name = Release;
		};
/* End XCBuildConfiguration section */

/* Begin XCConfigurationList section */
		53D50BF921089F3E0078A2E8 /* Build configuration list for PBXProject "ios-animation-showcase" */ = {
			isa = XCConfigurationList;
			buildConfigurations = (
				53D50C2421089F400078A2E8 /* Debug */,
				53D50C2521089F400078A2E8 /* Release */,
			);
			defaultConfigurationIsVisible = 0;
			defaultConfigurationName = Release;
		};
		53D50C2621089F400078A2E8 /* Build configuration list for PBXNativeTarget "ios-animation-showcase" */ = {
			isa = XCConfigurationList;
			buildConfigurations = (
				53D50C2721089F400078A2E8 /* Debug */,
				53D50C2821089F400078A2E8 /* Release */,
			);
			defaultConfigurationIsVisible = 0;
			defaultConfigurationName = Release;
		};
		53D50C2921089F400078A2E8 /* Build configuration list for PBXNativeTarget "ios-animation-showcaseTests" */ = {
			isa = XCConfigurationList;
			buildConfigurations = (
				53D50C2A21089F400078A2E8 /* Debug */,
				53D50C2B21089F400078A2E8 /* Release */,
			);
			defaultConfigurationIsVisible = 0;
			defaultConfigurationName = Release;
		};
		53D50C2C21089F400078A2E8 /* Build configuration list for PBXNativeTarget "ios-animation-showcaseUITests" */ = {
			isa = XCConfigurationList;
			buildConfigurations = (
				53D50C2D21089F400078A2E8 /* Debug */,
				53D50C2E21089F400078A2E8 /* Release */,
			);
			defaultConfigurationIsVisible = 0;
			defaultConfigurationName = Release;
		};
/* End XCConfigurationList section */
	};
	rootObject = 53D50BF621089F3E0078A2E8 /* Project object */;
}
